// !$*UTF8*$!
{
	archiveVersion = 1;
	classes = {
	};
	objectVersion = 45;
	objects = {

/* Begin PBXBuildFile section */
		8DC2EF530486A6940098B216 /* InfoPlist.strings in Resources */ = {isa = PBXBuildFile; fileRef = 089C1666FE841158C02AAC07 /* InfoPlist.strings */; };
		8DC2EF570486A6940098B216 /* Cocoa.framework in Frameworks */ = {isa = PBXBuildFile; fileRef = 1058C7B1FEA5585E11CA2CBB /* Cocoa.framework */; };
		C91D1D6413485FC900630DBE /* GenericVector.h in Headers */ = {isa = PBXBuildFile; fileRef = C91D1D6213485FC900630DBE /* GenericVector.h */; };
		C91D1D6513485FC900630DBE /* GenericVector.m in Sources */ = {isa = PBXBuildFile; fileRef = C91D1D6313485FC900630DBE /* GenericVector.m */; };
		C947E894131B558A00CEB999 /* Test_MatrixOperations.m in Sources */ = {isa = PBXBuildFile; fileRef = C947E893131B558A00CEB999 /* Test_MatrixOperations.m */; };
		C94C366E1310985900EF492B /* Test_Matrix.m in Sources */ = {isa = PBXBuildFile; fileRef = C94C366D1310985900EF492B /* Test_Matrix.m */; };
		C94C36B813109DC800EF492B /* SpatialMath.framework in Frameworks */ = {isa = PBXBuildFile; fileRef = 8DC2EF5B0486A6940098B216 /* SpatialMath.framework */; };
		C963B3E81345A1E7008AC4F7 /* Transform.h in Headers */ = {isa = PBXBuildFile; fileRef = C963B3E61345A1E7008AC4F7 /* Transform.h */; settings = {ATTRIBUTES = (Public, ); }; };
		C963B3E91345A1E7008AC4F7 /* Transform.m in Sources */ = {isa = PBXBuildFile; fileRef = C963B3E71345A1E7008AC4F7 /* Transform.m */; };
		C989756612EBBC0B00B831A3 /* SpatialMath.h in Headers */ = {isa = PBXBuildFile; fileRef = C989756512EBBC0B00B831A3 /* SpatialMath.h */; settings = {ATTRIBUTES = (Public, ); }; };
		C9CC5BF012EBA394002E7101 /* Matrix.m in Sources */ = {isa = PBXBuildFile; fileRef = C9CC5BEE12EBA394002E7101 /* Matrix.m */; };
		C9CC5BF112EBA394002E7101 /* Matrix.h in Headers */ = {isa = PBXBuildFile; fileRef = C9CC5BEF12EBA394002E7101 /* Matrix.h */; settings = {ATTRIBUTES = (Public, ); }; };
		C9CC5C1712EBAB43002E7101 /* MatrixOperations.m in Sources */ = {isa = PBXBuildFile; fileRef = C9CC5C1612EBAB43002E7101 /* MatrixOperations.m */; };
		C9CDB98C1349124B00261A9E /* Matrices.h in Headers */ = {isa = PBXBuildFile; fileRef = C9CDB98B1349124B00261A9E /* Matrices.h */; };
		C9CDB98E1349128B00261A9E /* Vectors.h in Headers */ = {isa = PBXBuildFile; fileRef = C9CDB98D1349128B00261A9E /* Vectors.h */; };
		C9CDB991134914DF00261A9E /* Vector2.h in Headers */ = {isa = PBXBuildFile; fileRef = C9CDB98F134914DF00261A9E /* Vector2.h */; };
		C9CDB992134914DF00261A9E /* Vector2.m in Sources */ = {isa = PBXBuildFile; fileRef = C9CDB990134914DF00261A9E /* Vector2.m */; };
		C9CDB999134916D000261A9E /* Vector3.h in Headers */ = {isa = PBXBuildFile; fileRef = C9CDB997134916D000261A9E /* Vector3.h */; };
		C9CDB99A134916D000261A9E /* Vector3.m in Sources */ = {isa = PBXBuildFile; fileRef = C9CDB998134916D000261A9E /* Vector3.m */; };
		C9DCD76D12F1F6B300236C37 /* Vector.h in Headers */ = {isa = PBXBuildFile; fileRef = C9DCD76B12F1F6B300236C37 /* Vector.h */; settings = {ATTRIBUTES = (Public, ); }; };
		C9DCD76E12F1F6B300236C37 /* Vector.m in Sources */ = {isa = PBXBuildFile; fileRef = C9DCD76C12F1F6B300236C37 /* Vector.m */; };
		C9DCD7FE12F2118C00236C37 /* VectorOperations.m in Sources */ = {isa = PBXBuildFile; fileRef = C9DCD7FC12F2118C00236C37 /* VectorOperations.m */; };
		C9FF84BA134802330053856D /* GenericMatrix.h in Headers */ = {isa = PBXBuildFile; fileRef = C9FF84B8134802330053856D /* GenericMatrix.h */; settings = {ATTRIBUTES = (Public, ); }; };
		C9FF84BB134802330053856D /* GenericMatrix.m in Sources */ = {isa = PBXBuildFile; fileRef = C9FF84B9134802330053856D /* GenericMatrix.m */; };
/* End PBXBuildFile section */

/* Begin PBXContainerItemProxy section */
		C94C36AA13109D9600EF492B /* PBXContainerItemProxy */ = {
			isa = PBXContainerItemProxy;
			containerPortal = 0867D690FE84028FC02AAC07 /* Project object */;
			proxyType = 1;
			remoteGlobalIDString = 8DC2EF4F0486A6940098B216;
			remoteInfo = SpatialMath;
		};
/* End PBXContainerItemProxy section */

/* Begin PBXFileReference section */
		0867D69BFE84028FC02AAC07 /* Foundation.framework */ = {isa = PBXFileReference; lastKnownFileType = wrapper.framework; name = Foundation.framework; path = /System/Library/Frameworks/Foundation.framework; sourceTree = "<absolute>"; };
		0867D6A5FE840307C02AAC07 /* AppKit.framework */ = {isa = PBXFileReference; lastKnownFileType = wrapper.framework; name = AppKit.framework; path = /System/Library/Frameworks/AppKit.framework; sourceTree = "<absolute>"; };
		089C1667FE841158C02AAC07 /* English */ = {isa = PBXFileReference; fileEncoding = 4; lastKnownFileType = text.plist.strings; name = English; path = English.lproj/InfoPlist.strings; sourceTree = "<group>"; };
		1058C7B1FEA5585E11CA2CBB /* Cocoa.framework */ = {isa = PBXFileReference; lastKnownFileType = wrapper.framework; name = Cocoa.framework; path = /System/Library/Frameworks/Cocoa.framework; sourceTree = "<absolute>"; };
		32DBCF5E0370ADEE00C91783 /* SpatialMath_Prefix.pch */ = {isa = PBXFileReference; fileEncoding = 4; lastKnownFileType = sourcecode.c.h; path = SpatialMath_Prefix.pch; sourceTree = "<group>"; };
		8DC2EF5A0486A6940098B216 /* Info.plist */ = {isa = PBXFileReference; fileEncoding = 4; lastKnownFileType = text.plist.xml; path = Info.plist; sourceTree = "<group>"; };
		8DC2EF5B0486A6940098B216 /* SpatialMath.framework */ = {isa = PBXFileReference; explicitFileType = wrapper.framework; includeInIndex = 0; path = SpatialMath.framework; sourceTree = BUILT_PRODUCTS_DIR; };
		C91D1D6213485FC900630DBE /* GenericVector.h */ = {isa = PBXFileReference; fileEncoding = 4; lastKnownFileType = sourcecode.c.h; path = GenericVector.h; sourceTree = "<group>"; };
		C91D1D6313485FC900630DBE /* GenericVector.m */ = {isa = PBXFileReference; fileEncoding = 4; lastKnownFileType = sourcecode.c.objc; path = GenericVector.m; sourceTree = "<group>"; };
		C947E892131B558A00CEB999 /* Test_MatrixOperations.h */ = {isa = PBXFileReference; fileEncoding = 4; lastKnownFileType = sourcecode.c.h; path = Test_MatrixOperations.h; sourceTree = "<group>"; };
		C947E893131B558A00CEB999 /* Test_MatrixOperations.m */ = {isa = PBXFileReference; fileEncoding = 4; lastKnownFileType = sourcecode.c.objc; path = Test_MatrixOperations.m; sourceTree = "<group>"; };
		C947E89B131B580C00CEB999 /* TestBundle.h */ = {isa = PBXFileReference; fileEncoding = 4; lastKnownFileType = sourcecode.c.h; path = TestBundle.h; sourceTree = "<group>"; };
		C94C36671310980400EF492B /* SpatialMathTestBundle.octest */ = {isa = PBXFileReference; explicitFileType = wrapper.cfbundle; includeInIndex = 0; path = SpatialMathTestBundle.octest; sourceTree = BUILT_PRODUCTS_DIR; };
		C94C36681310980400EF492B /* SpatialMathTestBundle-Info.plist */ = {isa = PBXFileReference; lastKnownFileType = text.plist.xml; path = "SpatialMathTestBundle-Info.plist"; sourceTree = "<group>"; };
		C94C366C1310985900EF492B /* Test_Matrix.h */ = {isa = PBXFileReference; fileEncoding = 4; lastKnownFileType = sourcecode.c.h; path = Test_Matrix.h; sourceTree = "<group>"; };
		C94C366D1310985900EF492B /* Test_Matrix.m */ = {isa = PBXFileReference; fileEncoding = 4; lastKnownFileType = sourcecode.c.objc; path = Test_Matrix.m; sourceTree = "<group>"; };
		C963B3E61345A1E7008AC4F7 /* Transform.h */ = {isa = PBXFileReference; fileEncoding = 4; lastKnownFileType = sourcecode.c.h; path = Transform.h; sourceTree = "<group>"; };
		C963B3E71345A1E7008AC4F7 /* Transform.m */ = {isa = PBXFileReference; fileEncoding = 4; lastKnownFileType = sourcecode.c.objc; path = Transform.m; sourceTree = "<group>"; };
		C989756512EBBC0B00B831A3 /* SpatialMath.h */ = {isa = PBXFileReference; fileEncoding = 4; lastKnownFileType = sourcecode.c.h; path = SpatialMath.h; sourceTree = "<group>"; };
		C9CC5BEE12EBA394002E7101 /* Matrix.m */ = {isa = PBXFileReference; fileEncoding = 4; lastKnownFileType = sourcecode.c.objc; path = Matrix.m; sourceTree = "<group>"; };
		C9CC5BEF12EBA394002E7101 /* Matrix.h */ = {isa = PBXFileReference; fileEncoding = 4; lastKnownFileType = sourcecode.c.h; path = Matrix.h; sourceTree = "<group>"; };
		C9CC5C1612EBAB43002E7101 /* MatrixOperations.m */ = {isa = PBXFileReference; fileEncoding = 4; lastKnownFileType = sourcecode.c.objc; path = MatrixOperations.m; sourceTree = "<group>"; };
		C9CDB98B1349124B00261A9E /* Matrices.h */ = {isa = PBXFileReference; fileEncoding = 4; lastKnownFileType = sourcecode.c.h; path = Matrices.h; sourceTree = "<group>"; };
		C9CDB98D1349128B00261A9E /* Vectors.h */ = {isa = PBXFileReference; fileEncoding = 4; lastKnownFileType = sourcecode.c.h; path = Vectors.h; sourceTree = "<group>"; };
		C9CDB98F134914DF00261A9E /* Vector2.h */ = {isa = PBXFileReference; fileEncoding = 4; lastKnownFileType = sourcecode.c.h; path = Vector2.h; sourceTree = "<group>"; };
		C9CDB990134914DF00261A9E /* Vector2.m */ = {isa = PBXFileReference; fileEncoding = 4; lastKnownFileType = sourcecode.c.objc; path = Vector2.m; sourceTree = "<group>"; };
		C9CDB997134916D000261A9E /* Vector3.h */ = {isa = PBXFileReference; fileEncoding = 4; lastKnownFileType = sourcecode.c.h; path = Vector3.h; sourceTree = "<group>"; };
		C9CDB998134916D000261A9E /* Vector3.m */ = {isa = PBXFileReference; fileEncoding = 4; lastKnownFileType = sourcecode.c.objc; path = Vector3.m; sourceTree = "<group>"; };
		C9DCD76B12F1F6B300236C37 /* Vector.h */ = {isa = PBXFileReference; fileEncoding = 4; lastKnownFileType = sourcecode.c.h; path = Vector.h; sourceTree = "<group>"; };
		C9DCD76C12F1F6B300236C37 /* Vector.m */ = {isa = PBXFileReference; fileEncoding = 4; lastKnownFileType = sourcecode.c.objc; path = Vector.m; sourceTree = "<group>"; };
		C9DCD7FC12F2118C00236C37 /* VectorOperations.m */ = {isa = PBXFileReference; fileEncoding = 4; lastKnownFileType = sourcecode.c.objc; path = VectorOperations.m; sourceTree = "<group>"; };
		C9FF84B8134802330053856D /* GenericMatrix.h */ = {isa = PBXFileReference; fileEncoding = 4; lastKnownFileType = sourcecode.c.h; path = GenericMatrix.h; sourceTree = "<group>"; };
		C9FF84B9134802330053856D /* GenericMatrix.m */ = {isa = PBXFileReference; fileEncoding = 4; lastKnownFileType = sourcecode.c.objc; path = GenericMatrix.m; sourceTree = "<group>"; };
		D2F7E79907B2D74100F64583 /* CoreData.framework */ = {isa = PBXFileReference; lastKnownFileType = wrapper.framework; name = CoreData.framework; path = /System/Library/Frameworks/CoreData.framework; sourceTree = "<absolute>"; };
/* End PBXFileReference section */

/* Begin PBXFrameworksBuildPhase section */
		8DC2EF560486A6940098B216 /* Frameworks */ = {
			isa = PBXFrameworksBuildPhase;
			buildActionMask = 2147483647;
			files = (
				8DC2EF570486A6940098B216 /* Cocoa.framework in Frameworks */,
			);
			runOnlyForDeploymentPostprocessing = 0;
		};
		C94C36641310980400EF492B /* Frameworks */ = {
			isa = PBXFrameworksBuildPhase;
			buildActionMask = 2147483647;
			files = (
				C94C36B813109DC800EF492B /* SpatialMath.framework in Frameworks */,
			);
			runOnlyForDeploymentPostprocessing = 0;
		};
/* End PBXFrameworksBuildPhase section */

/* Begin PBXGroup section */
		034768DFFF38A50411DB9C8B /* Products */ = {
			isa = PBXGroup;
			children = (
				8DC2EF5B0486A6940098B216 /* SpatialMath.framework */,
				C94C36671310980400EF492B /* SpatialMathTestBundle.octest */,
			);
			name = Products;
			sourceTree = "<group>";
		};
		0867D691FE84028FC02AAC07 /* SpatialMath */ = {
			isa = PBXGroup;
			children = (
				C989756512EBBC0B00B831A3 /* SpatialMath.h */,
				08FB77AEFE84172EC02AAC07 /* Classes */,
				C94C3445131073DF00EF492B /* Tests */,
				32C88DFF0371C24200C91783 /* Other Sources */,
				089C1665FE841158C02AAC07 /* Resources */,
				0867D69AFE84028FC02AAC07 /* External Frameworks and Libraries */,
				034768DFFF38A50411DB9C8B /* Products */,
			);
			name = SpatialMath;
			sourceTree = "<group>";
		};
		0867D69AFE84028FC02AAC07 /* External Frameworks and Libraries */ = {
			isa = PBXGroup;
			children = (
				1058C7B0FEA5585E11CA2CBB /* Linked Frameworks */,
				1058C7B2FEA5585E11CA2CBB /* Other Frameworks */,
			);
			name = "External Frameworks and Libraries";
			sourceTree = "<group>";
		};
		089C1665FE841158C02AAC07 /* Resources */ = {
			isa = PBXGroup;
			children = (
				8DC2EF5A0486A6940098B216 /* Info.plist */,
				089C1666FE841158C02AAC07 /* InfoPlist.strings */,
				C94C36681310980400EF492B /* SpatialMathTestBundle-Info.plist */,
			);
			name = Resources;
			sourceTree = "<group>";
		};
		08FB77AEFE84172EC02AAC07 /* Classes */ = {
			isa = PBXGroup;
			children = (
				C963B39513459B72008AC4F7 /* Matrices */,
				C91D1D5D13485F4300630DBE /* Vectors */,
			);
			name = Classes;
			sourceTree = "<group>";
		};
		1058C7B0FEA5585E11CA2CBB /* Linked Frameworks */ = {
			isa = PBXGroup;
			children = (
				1058C7B1FEA5585E11CA2CBB /* Cocoa.framework */,
			);
			name = "Linked Frameworks";
			sourceTree = "<group>";
		};
		1058C7B2FEA5585E11CA2CBB /* Other Frameworks */ = {
			isa = PBXGroup;
			children = (
				0867D6A5FE840307C02AAC07 /* AppKit.framework */,
				D2F7E79907B2D74100F64583 /* CoreData.framework */,
				0867D69BFE84028FC02AAC07 /* Foundation.framework */,
			);
			name = "Other Frameworks";
			sourceTree = "<group>";
		};
		32C88DFF0371C24200C91783 /* Other Sources */ = {
			isa = PBXGroup;
			children = (
				32DBCF5E0370ADEE00C91783 /* SpatialMath_Prefix.pch */,
			);
			name = "Other Sources";
			sourceTree = "<group>";
		};
		C91D1D5D13485F4300630DBE /* Vectors */ = {
			isa = PBXGroup;
			children = (
				C9CDB98D1349128B00261A9E /* Vectors.h */,
				C9DCD76B12F1F6B300236C37 /* Vector.h */,
				C9DCD76C12F1F6B300236C37 /* Vector.m */,
				C9DCD7FC12F2118C00236C37 /* VectorOperations.m */,
				C91D1D6213485FC900630DBE /* GenericVector.h */,
				C91D1D6313485FC900630DBE /* GenericVector.m */,
				C9CDB98F134914DF00261A9E /* Vector2.h */,
				C9CDB990134914DF00261A9E /* Vector2.m */,
				C9CDB997134916D000261A9E /* Vector3.h */,
				C9CDB998134916D000261A9E /* Vector3.m */,
			);
			name = Vectors;
			sourceTree = "<group>";
		};
		C94C3445131073DF00EF492B /* Tests */ = {
			isa = PBXGroup;
			children = (
				C947E89B131B580C00CEB999 /* TestBundle.h */,
				C94C366C1310985900EF492B /* Test_Matrix.h */,
				C94C366D1310985900EF492B /* Test_Matrix.m */,
				C947E892131B558A00CEB999 /* Test_MatrixOperations.h */,
				C947E893131B558A00CEB999 /* Test_MatrixOperations.m */,
			);
			path = Tests;
			sourceTree = "<group>";
		};
		C963B39513459B72008AC4F7 /* Matrices */ = {
			isa = PBXGroup;
			children = (
				C9CDB98B1349124B00261A9E /* Matrices.h */,
				C9CC5BEF12EBA394002E7101 /* Matrix.h */,
				C9CC5BEE12EBA394002E7101 /* Matrix.m */,
				C9CC5C1612EBAB43002E7101 /* MatrixOperations.m */,
				C9FF84B8134802330053856D /* GenericMatrix.h */,
				C9FF84B9134802330053856D /* GenericMatrix.m */,
				C963B3E61345A1E7008AC4F7 /* Transform.h */,
				C963B3E71345A1E7008AC4F7 /* Transform.m */,
			);
			name = Matrices;
			sourceTree = "<group>";
		};
/* End PBXGroup section */

/* Begin PBXHeadersBuildPhase section */
		8DC2EF500486A6940098B216 /* Headers */ = {
			isa = PBXHeadersBuildPhase;
			buildActionMask = 2147483647;
			files = (
				C989756612EBBC0B00B831A3 /* SpatialMath.h in Headers */,
				C9CC5BF112EBA394002E7101 /* Matrix.h in Headers */,
				C9DCD76D12F1F6B300236C37 /* Vector.h in Headers */,
				C963B3E81345A1E7008AC4F7 /* Transform.h in Headers */,
				C9FF84BA134802330053856D /* GenericMatrix.h in Headers */,
				C91D1D6413485FC900630DBE /* GenericVector.h in Headers */,
				C9CDB98C1349124B00261A9E /* Matrices.h in Headers */,
				C9CDB98E1349128B00261A9E /* Vectors.h in Headers */,
				C9CDB991134914DF00261A9E /* Vector2.h in Headers */,
				C9CDB999134916D000261A9E /* Vector3.h in Headers */,
			);
			runOnlyForDeploymentPostprocessing = 0;
		};
/* End PBXHeadersBuildPhase section */

/* Begin PBXNativeTarget section */
		8DC2EF4F0486A6940098B216 /* SpatialMath */ = {
			isa = PBXNativeTarget;
			buildConfigurationList = 1DEB91AD08733DA50010E9CD /* Build configuration list for PBXNativeTarget "SpatialMath" */;
			buildPhases = (
				8DC2EF500486A6940098B216 /* Headers */,
				8DC2EF520486A6940098B216 /* Resources */,
				8DC2EF540486A6940098B216 /* Sources */,
				8DC2EF560486A6940098B216 /* Frameworks */,
			);
			buildRules = (
			);
			dependencies = (
			);
			name = SpatialMath;
			productInstallPath = "$(HOME)/Library/Frameworks";
			productName = SpatialMath;
			productReference = 8DC2EF5B0486A6940098B216 /* SpatialMath.framework */;
			productType = "com.apple.product-type.framework";
		};
		C94C36661310980400EF492B /* SpatialMathTestBundle */ = {
			isa = PBXNativeTarget;
			buildConfigurationList = C94C366B1310980400EF492B /* Build configuration list for PBXNativeTarget "SpatialMathTestBundle" */;
			buildPhases = (
				C94C36621310980400EF492B /* Resources */,
				C94C36631310980400EF492B /* Sources */,
				C94C36641310980400EF492B /* Frameworks */,
				C94C36651310980400EF492B /* Perform Unit Tests */,
			);
			buildRules = (
			);
			dependencies = (
				C94C36AB13109D9600EF492B /* PBXTargetDependency */,
			);
			name = SpatialMathTestBundle;
			productName = SpatialMathTestBundle;
			productReference = C94C36671310980400EF492B /* SpatialMathTestBundle.octest */;
			productType = "com.apple.product-type.bundle";
		};
/* End PBXNativeTarget section */

/* Begin PBXProject section */
		0867D690FE84028FC02AAC07 /* Project object */ = {
			isa = PBXProject;
			buildConfigurationList = 1DEB91B108733DA50010E9CD /* Build configuration list for PBXProject "SpatialMath" */;
			compatibilityVersion = "Xcode 3.1";
			developmentRegion = English;
			hasScannedForEncodings = 1;
			knownRegions = (
				English,
				Japanese,
				French,
				German,
			);
			mainGroup = 0867D691FE84028FC02AAC07 /* SpatialMath */;
			productRefGroup = 034768DFFF38A50411DB9C8B /* Products */;
			projectDirPath = "";
			projectRoot = "";
			targets = (
				8DC2EF4F0486A6940098B216 /* SpatialMath */,
				C94C36661310980400EF492B /* SpatialMathTestBundle */,
			);
		};
/* End PBXProject section */

/* Begin PBXResourcesBuildPhase section */
		8DC2EF520486A6940098B216 /* Resources */ = {
			isa = PBXResourcesBuildPhase;
			buildActionMask = 2147483647;
			files = (
				8DC2EF530486A6940098B216 /* InfoPlist.strings in Resources */,
			);
			runOnlyForDeploymentPostprocessing = 0;
		};
		C94C36621310980400EF492B /* Resources */ = {
			isa = PBXResourcesBuildPhase;
			buildActionMask = 2147483647;
			files = (
			);
			runOnlyForDeploymentPostprocessing = 0;
		};
/* End PBXResourcesBuildPhase section */

/* Begin PBXShellScriptBuildPhase section */
		C94C36651310980400EF492B /* Perform Unit Tests */ = {
			isa = PBXShellScriptBuildPhase;
			buildActionMask = 2147483647;
			files = (
			);
			inputPaths = (
			);
			name = "Perform Unit Tests";
			outputPaths = (
			);
			runOnlyForDeploymentPostprocessing = 0;
			shellPath = /bin/sh;
			shellScript = "# Run the unit tests in this test bundle.\n\"${SYSTEM_DEVELOPER_DIR}/Tools/RunUnitTests\"\n";
		};
/* End PBXShellScriptBuildPhase section */

/* Begin PBXSourcesBuildPhase section */
		8DC2EF540486A6940098B216 /* Sources */ = {
			isa = PBXSourcesBuildPhase;
			buildActionMask = 2147483647;
			files = (
				C9CC5BF012EBA394002E7101 /* Matrix.m in Sources */,
				C9CC5C1712EBAB43002E7101 /* MatrixOperations.m in Sources */,
				C9DCD76E12F1F6B300236C37 /* Vector.m in Sources */,
				C9DCD7FE12F2118C00236C37 /* VectorOperations.m in Sources */,
				C963B3E91345A1E7008AC4F7 /* Transform.m in Sources */,
				C9FF84BB134802330053856D /* GenericMatrix.m in Sources */,
				C91D1D6513485FC900630DBE /* GenericVector.m in Sources */,
				C9CDB992134914DF00261A9E /* Vector2.m in Sources */,
				C9CDB99A134916D000261A9E /* Vector3.m in Sources */,
			);
			runOnlyForDeploymentPostprocessing = 0;
		};
		C94C36631310980400EF492B /* Sources */ = {
			isa = PBXSourcesBuildPhase;
			buildActionMask = 2147483647;
			files = (
				C94C366E1310985900EF492B /* Test_Matrix.m in Sources */,
				C947E894131B558A00CEB999 /* Test_MatrixOperations.m in Sources */,
			);
			runOnlyForDeploymentPostprocessing = 0;
		};
/* End PBXSourcesBuildPhase section */

/* Begin PBXTargetDependency section */
		C94C36AB13109D9600EF492B /* PBXTargetDependency */ = {
			isa = PBXTargetDependency;
			target = 8DC2EF4F0486A6940098B216 /* SpatialMath */;
			targetProxy = C94C36AA13109D9600EF492B /* PBXContainerItemProxy */;
		};
/* End PBXTargetDependency section */

/* Begin PBXVariantGroup section */
		089C1666FE841158C02AAC07 /* InfoPlist.strings */ = {
			isa = PBXVariantGroup;
			children = (
				089C1667FE841158C02AAC07 /* English */,
			);
			name = InfoPlist.strings;
			sourceTree = "<group>";
		};
/* End PBXVariantGroup section */

/* Begin XCBuildConfiguration section */
		1DEB91AE08733DA50010E9CD /* Debug */ = {
			isa = XCBuildConfiguration;
			buildSettings = {
				ALWAYS_SEARCH_USER_PATHS = NO;
				COPY_PHASE_STRIP = NO;
				DYLIB_COMPATIBILITY_VERSION = 1;
				DYLIB_CURRENT_VERSION = 1;
				FRAMEWORK_VERSION = A;
				GCC_DYNAMIC_NO_PIC = NO;
				GCC_ENABLE_FIX_AND_CONTINUE = YES;
				GCC_MODEL_TUNING = G5;
				GCC_OPTIMIZATION_LEVEL = 0;
				GCC_PRECOMPILE_PREFIX_HEADER = YES;
				GCC_PREFIX_HEADER = SpatialMath_Prefix.pch;
				INFOPLIST_FILE = Info.plist;
				INSTALL_PATH = "@executable_path/../Frameworks";
				PRODUCT_NAME = SpatialMath;
				WRAPPER_EXTENSION = framework;
			};
			name = Debug;
		};
		1DEB91AF08733DA50010E9CD /* Release */ = {
			isa = XCBuildConfiguration;
			buildSettings = {
				ALWAYS_SEARCH_USER_PATHS = NO;
				DEBUG_INFORMATION_FORMAT = "dwarf-with-dsym";
				DYLIB_COMPATIBILITY_VERSION = 1;
				DYLIB_CURRENT_VERSION = 1;
				FRAMEWORK_VERSION = A;
				GCC_MODEL_TUNING = G5;
				GCC_PRECOMPILE_PREFIX_HEADER = YES;
				GCC_PREFIX_HEADER = SpatialMath_Prefix.pch;
				INFOPLIST_FILE = Info.plist;
				INSTALL_PATH = "$(HOME)/Library/Frameworks";
				PRODUCT_NAME = SpatialMath;
				WRAPPER_EXTENSION = framework;
			};
			name = Release;
		};
		1DEB91B208733DA50010E9CD /* Debug */ = {
			isa = XCBuildConfiguration;
			buildSettings = {
				ARCHS = "$(ARCHS_STANDARD_32_64_BIT)";
				GCC_C_LANGUAGE_STANDARD = gnu99;
				GCC_OPTIMIZATION_LEVEL = 0;
				GCC_WARN_ABOUT_RETURN_TYPE = YES;
				GCC_WARN_UNUSED_VARIABLE = YES;
				ONLY_ACTIVE_ARCH = YES;
				PREBINDING = NO;
				SDKROOT = macosx10.6;
			};
			name = Debug;
		};
		1DEB91B308733DA50010E9CD /* Release */ = {
			isa = XCBuildConfiguration;
			buildSettings = {
				ARCHS = "$(ARCHS_STANDARD_32_64_BIT)";
				GCC_C_LANGUAGE_STANDARD = gnu99;
				GCC_WARN_ABOUT_RETURN_TYPE = YES;
				GCC_WARN_UNUSED_VARIABLE = YES;
				PREBINDING = NO;
				SDKROOT = macosx10.6;
			};
			name = Release;
		};
		C94C36691310980400EF492B /* Debug */ = {
			isa = XCBuildConfiguration;
			buildSettings = {
				ALWAYS_SEARCH_USER_PATHS = NO;
				COPY_PHASE_STRIP = NO;
				FRAMEWORK_SEARCH_PATHS = "$(DEVELOPER_LIBRARY_DIR)/Frameworks";
				GCC_DYNAMIC_NO_PIC = NO;
				GCC_ENABLE_FIX_AND_CONTINUE = NO;
				GCC_ENABLE_OBJC_EXCEPTIONS = YES;
				GCC_MODEL_TUNING = G5;
				GCC_OPTIMIZATION_LEVEL = 0;
				GCC_PRECOMPILE_PREFIX_HEADER = YES;
				GCC_PREFIX_HEADER = "$(SYSTEM_LIBRARY_DIR)/Frameworks/Cocoa.framework/Headers/Cocoa.h";
				INFOPLIST_FILE = "SpatialMathTestBundle-Info.plist";
				INSTALL_PATH = "$(USER_LIBRARY_DIR)/Bundles";
				OTHER_LDFLAGS = (
					"-framework",
					Cocoa,
					"-framework",
					SenTestingKit,
				);
				PREBINDING = NO;
				PRODUCT_NAME = SpatialMathTestBundle;
				WRAPPER_EXTENSION = octest;
			};
			name = Debug;
		};
		C94C366A1310980400EF492B /* Release */ = {
			isa = XCBuildConfiguration;
			buildSettings = {
				ALWAYS_SEARCH_USER_PATHS = NO;
				COPY_PHASE_STRIP = YES;
				DEBUG_INFORMATION_FORMAT = "dwarf-with-dsym";
				FRAMEWORK_SEARCH_PATHS = "$(DEVELOPER_LIBRARY_DIR)/Frameworks";
				GCC_ENABLE_FIX_AND_CONTINUE = NO;
				GCC_ENABLE_OBJC_EXCEPTIONS = YES;
				GCC_MODEL_TUNING = G5;
				GCC_PRECOMPILE_PREFIX_HEADER = YES;
				GCC_PREFIX_HEADER = "$(SYSTEM_LIBRARY_DIR)/Frameworks/Cocoa.framework/Headers/Cocoa.h";
				INFOPLIST_FILE = "SpatialMathTestBundle-Info.plist";
				INSTALL_PATH = "$(USER_LIBRARY_DIR)/Bundles";
				OTHER_LDFLAGS = (
					"-framework",
					Cocoa,
					"-framework",
					SenTestingKit,
				);
				PREBINDING = NO;
				PRODUCT_NAME = SpatialMathTestBundle;
				WRAPPER_EXTENSION = octest;
				ZERO_LINK = NO;
			};
			name = Release;
		};
/* End XCBuildConfiguration section */

/* Begin XCConfigurationList section */
		1DEB91AD08733DA50010E9CD /* Build configuration list for PBXNativeTarget "SpatialMath" */ = {
			isa = XCConfigurationList;
			buildConfigurations = (
				1DEB91AE08733DA50010E9CD /* Debug */,
				1DEB91AF08733DA50010E9CD /* Release */,
			);
			defaultConfigurationIsVisible = 0;
			defaultConfigurationName = Release;
		};
		1DEB91B108733DA50010E9CD /* Build configuration list for PBXProject "SpatialMath" */ = {
			isa = XCConfigurationList;
			buildConfigurations = (
				1DEB91B208733DA50010E9CD /* Debug */,
				1DEB91B308733DA50010E9CD /* Release */,
			);
			defaultConfigurationIsVisible = 0;
			defaultConfigurationName = Release;
		};
		C94C366B1310980400EF492B /* Build configuration list for PBXNativeTarget "SpatialMathTestBundle" */ = {
			isa = XCConfigurationList;
			buildConfigurations = (
				C94C36691310980400EF492B /* Debug */,
				C94C366A1310980400EF492B /* Release */,
			);
			defaultConfigurationIsVisible = 0;
			defaultConfigurationName = Release;
		};
/* End XCConfigurationList section */
	};
	rootObject = 0867D690FE84028FC02AAC07 /* Project object */;
}
